
Microsoft Visual Studio Solution File, Format Version 12.00
# Visual Studio Version 17
VisualStudioVersion = 17.13.35931.197 d17.13
MinimumVisualStudioVersion = 10.0.40219.1
Project("{FAE04EC0-301F-11D3-BF4B-00C04F79EFBC}") = "AzureFunctionSendEmail", "AzureFunctionSendEmail\AzureFunctionSendEmail.csproj", "{3E94622E-A7B0-42CB-A3DD-490417EC20CA}"
EndProject
Global
	GlobalSection(SolutionConfigurationPlatforms) = preSolution
		Debug|Any CPU = Debug|Any CPU
		Release|Any CPU = Release|Any CPU
	EndGlobalSection
	GlobalSection(ProjectConfigurationPlatforms) = postSolution
		{3E94622E-A7B0-42CB-A3DD-490417EC20CA}.Debug|Any CPU.ActiveCfg = Debug|Any CPU
		{3E94622E-A7B0-42CB-A3DD-490417EC20CA}.Debug|Any CPU.Build.0 = Debug|Any CPU
		{3E94622E-A7B0-42CB-A3DD-490417EC20CA}.Release|Any CPU.ActiveCfg = Release|Any CPU
		{3E94622E-A7B0-42CB-A3DD-490417EC20CA}.Release|Any CPU.Build.0 = Release|Any CPU
	EndGlobalSection
	GlobalSection(SolutionProperties) = preSolution
		HideSolutionNode = FALSE
	EndGlobalSection
	GlobalSection(ExtensibilityGlobals) = postSolution
		SolutionGuid = {3378B5D2-29A7-4143-B736-4A795876E49D}
	EndGlobalSection
EndGlobal
